
Microsoft Visual Studio Solution File, Format Version 12.00
# Visual Studio Version 17
VisualStudioVersion = 17.7.34031.279
MinimumVisualStudioVersion = 10.0.40219.1
Project("{FAE04EC0-301F-11D3-BF4B-00C04F79EFBC}") = "Ticariotomasyon", "Ticariotomasyon\Ticariotomasyon.csproj", "{820EC800-BEAE-4C0E-8DB8-323F742A276B}"
EndProject
Global
	GlobalSection(SolutionConfigurationPlatforms) = preSolution
		Debug|Any CPU = Debug|Any CPU
		Release|Any CPU = Release|Any CPU
	EndGlobalSection
	GlobalSection(ProjectConfigurationPlatforms) = postSolution
		{820EC800-BEAE-4C0E-8DB8-323F742A276B}.Debug|Any CPU.ActiveCfg = Debug|Any CPU
		{820EC800-BEAE-4C0E-8DB8-323F742A276B}.Debug|Any CPU.Build.0 = Debug|Any CPU
		{820EC800-BEAE-4C0E-8DB8-323F742A276B}.Release|Any CPU.ActiveCfg = Release|Any CPU
		{820EC800-BEAE-4C0E-8DB8-323F742A276B}.Release|Any CPU.Build.0 = Release|Any CPU
	EndGlobalSection
	GlobalSection(SolutionProperties) = preSolution
		HideSolutionNode = FALSE
	EndGlobalSection
	GlobalSection(ExtensibilityGlobals) = postSolution
		SolutionGuid = {E9F0733C-D133-4411-B145-1EA5DADF58C5}
	EndGlobalSection
EndGlobal
